// !$*UTF8*$!
{
	archiveVersion = 1;
	classes = {
	};
	objectVersion = 46;
	objects = {

/* Begin PBXBuildFile section */
		C37CDEDB1CB61DD6008C567D /* UACustomActionSheetTests.swift in Sources */ = {isa = PBXBuildFile; fileRef = C37CDEDA1CB61DD6008C567D /* UACustomActionSheetTests.swift */; };
		C37CDEE61CB61DD6008C567D /* UACustomActionSheetUITests.swift in Sources */ = {isa = PBXBuildFile; fileRef = C37CDEE51CB61DD6008C567D /* UACustomActionSheetUITests.swift */; };
		C37CDEFD1CB61E96008C567D /* Assets.xcassets in Resources */ = {isa = PBXBuildFile; fileRef = C37CDEF41CB61E96008C567D /* Assets.xcassets */; };
		C37CDEFE1CB61E96008C567D /* Main.storyboard in Resources */ = {isa = PBXBuildFile; fileRef = C37CDEF61CB61E96008C567D /* Main.storyboard */; };
		C37CDEFF1CB61E96008C567D /* ViewController.swift in Sources */ = {isa = PBXBuildFile; fileRef = C37CDEF81CB61E96008C567D /* ViewController.swift */; };
		C37CDF001CB61E96008C567D /* AppDelegate.swift in Sources */ = {isa = PBXBuildFile; fileRef = C37CDEFA1CB61E96008C567D /* AppDelegate.swift */; };
		C37CDF011CB61E96008C567D /* Info.plist in Resources */ = {isa = PBXBuildFile; fileRef = C37CDEFB1CB61E96008C567D /* Info.plist */; };
		C37CDF021CB61E96008C567D /* LaunchScreen.storyboard in Resources */ = {isa = PBXBuildFile; fileRef = C37CDEFC1CB61E96008C567D /* LaunchScreen.storyboard */; };
		C37CDF051CB62131008C567D /* UACustomActionSheet.swift in Sources */ = {isa = PBXBuildFile; fileRef = C37CDF041CB62131008C567D /* UACustomActionSheet.swift */; };
		C37CDF081CB621C1008C567D /* LICENSE in Resources */ = {isa = PBXBuildFile; fileRef = C37CDF061CB621C1008C567D /* LICENSE */; };
		C37CDF091CB621C1008C567D /* README.md in Sources */ = {isa = PBXBuildFile; fileRef = C37CDF071CB621C1008C567D /* README.md */; };
		C37CDF0B1CB6236A008C567D /* UACustomActionSheet.podspec in Resources */ = {isa = PBXBuildFile; fileRef = C37CDF0A1CB6236A008C567D /* UACustomActionSheet.podspec */; };
/* End PBXBuildFile section */

/* Begin PBXContainerItemProxy section */
		C37CDED71CB61DD6008C567D /* PBXContainerItemProxy */ = {
			isa = PBXContainerItemProxy;
			containerPortal = C37CDEBA1CB61DD5008C567D /* Project object */;
			proxyType = 1;
			remoteGlobalIDString = C37CDEC11CB61DD5008C567D;
			remoteInfo = UACustomActionSheet;
		};
		C37CDEE21CB61DD6008C567D /* PBXContainerItemProxy */ = {
			isa = PBXContainerItemProxy;
			containerPortal = C37CDEBA1CB61DD5008C567D /* Project object */;
			proxyType = 1;
			remoteGlobalIDString = C37CDEC11CB61DD5008C567D;
			remoteInfo = UACustomActionSheet;
		};
/* End PBXContainerItemProxy section */

/* Begin PBXFileReference section */
		C37CDEC21CB61DD6008C567D /* UACustomActionSheet.app */ = {isa = PBXFileReference; explicitFileType = wrapper.application; includeInIndex = 0; path = UACustomActionSheet.app; sourceTree = BUILT_PRODUCTS_DIR; };
		C37CDED61CB61DD6008C567D /* UACustomActionSheetTests.xctest */ = {isa = PBXFileReference; explicitFileType = wrapper.cfbundle; includeInIndex = 0; path = UACustomActionSheetTests.xctest; sourceTree = BUILT_PRODUCTS_DIR; };
		C37CDEDA1CB61DD6008C567D /* UACustomActionSheetTests.swift */ = {isa = PBXFileReference; lastKnownFileType = sourcecode.swift; path = UACustomActionSheetTests.swift; sourceTree = "<group>"; };
		C37CDEDC1CB61DD6008C567D /* Info.plist */ = {isa = PBXFileReference; lastKnownFileType = text.plist.xml; path = Info.plist; sourceTree = "<group>"; };
		C37CDEE11CB61DD6008C567D /* UACustomActionSheetUITests.xctest */ = {isa = PBXFileReference; explicitFileType = wrapper.cfbundle; includeInIndex = 0; path = UACustomActionSheetUITests.xctest; sourceTree = BUILT_PRODUCTS_DIR; };
		C37CDEE51CB61DD6008C567D /* UACustomActionSheetUITests.swift */ = {isa = PBXFileReference; lastKnownFileType = sourcecode.swift; path = UACustomActionSheetUITests.swift; sourceTree = "<group>"; };
		C37CDEE71CB61DD6008C567D /* Info.plist */ = {isa = PBXFileReference; lastKnownFileType = text.plist.xml; path = Info.plist; sourceTree = "<group>"; };
		C37CDEF41CB61E96008C567D /* Assets.xcassets */ = {isa = PBXFileReference; lastKnownFileType = folder.assetcatalog; path = Assets.xcassets; sourceTree = "<group>"; };
		C37CDEF61CB61E96008C567D /* Main.storyboard */ = {isa = PBXFileReference; fileEncoding = 4; lastKnownFileType = file.storyboard; path = Main.storyboard; sourceTree = "<group>"; };
		C37CDEF81CB61E96008C567D /* ViewController.swift */ = {isa = PBXFileReference; fileEncoding = 4; lastKnownFileType = sourcecode.swift; path = ViewController.swift; sourceTree = "<group>"; };
		C37CDEFA1CB61E96008C567D /* AppDelegate.swift */ = {isa = PBXFileReference; fileEncoding = 4; lastKnownFileType = sourcecode.swift; path = AppDelegate.swift; sourceTree = "<group>"; };
		C37CDEFB1CB61E96008C567D /* Info.plist */ = {isa = PBXFileReference; fileEncoding = 4; lastKnownFileType = text.plist.xml; path = Info.plist; sourceTree = "<group>"; };
		C37CDEFC1CB61E96008C567D /* LaunchScreen.storyboard */ = {isa = PBXFileReference; fileEncoding = 4; lastKnownFileType = file.storyboard; path = LaunchScreen.storyboard; sourceTree = "<group>"; };
		C37CDF041CB62131008C567D /* UACustomActionSheet.swift */ = {isa = PBXFileReference; fileEncoding = 4; lastKnownFileType = sourcecode.swift; path = UACustomActionSheet.swift; sourceTree = "<group>"; };
		C37CDF061CB621C1008C567D /* LICENSE */ = {isa = PBXFileReference; fileEncoding = 4; lastKnownFileType = text; path = LICENSE; sourceTree = SOURCE_ROOT; };
		C37CDF071CB621C1008C567D /* README.md */ = {isa = PBXFileReference; fileEncoding = 4; lastKnownFileType = net.daringfireball.markdown; path = README.md; sourceTree = SOURCE_ROOT; };
		C37CDF0A1CB6236A008C567D /* UACustomActionSheet.podspec */ = {isa = PBXFileReference; fileEncoding = 4; lastKnownFileType = text; path = UACustomActionSheet.podspec; sourceTree = SOURCE_ROOT; };
/* End PBXFileReference section */

/* Begin PBXFrameworksBuildPhase section */
		C37CDEBF1CB61DD5008C567D /* Frameworks */ = {
			isa = PBXFrameworksBuildPhase;
			buildActionMask = 2147483647;
			files = (
			);
			runOnlyForDeploymentPostprocessing = 0;
		};
		C37CDED31CB61DD6008C567D /* Frameworks */ = {
			isa = PBXFrameworksBuildPhase;
			buildActionMask = 2147483647;
			files = (
			);
			runOnlyForDeploymentPostprocessing = 0;
		};
		C37CDEDE1CB61DD6008C567D /* Frameworks */ = {
			isa = PBXFrameworksBuildPhase;
			buildActionMask = 2147483647;
			files = (
			);
			runOnlyForDeploymentPostprocessing = 0;
		};
/* End PBXFrameworksBuildPhase section */

/* Begin PBXGroup section */
		C37CDEB91CB61DD5008C567D = {
			isa = PBXGroup;
			children = (
				C37CDEC41CB61DD6008C567D /* UACustomActionSheet */,
				C37CDED91CB61DD6008C567D /* UACustomActionSheetTests */,
				C37CDEE41CB61DD6008C567D /* UACustomActionSheetUITests */,
				C37CDEC31CB61DD6008C567D /* Products */,
			);
			sourceTree = "<group>";
		};
		C37CDEC31CB61DD6008C567D /* Products */ = {
			isa = PBXGroup;
			children = (
				C37CDEC21CB61DD6008C567D /* UACustomActionSheet.app */,
				C37CDED61CB61DD6008C567D /* UACustomActionSheetTests.xctest */,
				C37CDEE11CB61DD6008C567D /* UACustomActionSheetUITests.xctest */,
			);
			name = Products;
			sourceTree = "<group>";
		};
		C37CDEC41CB61DD6008C567D /* UACustomActionSheet */ = {
			isa = PBXGroup;
			children = (
				C37CDF061CB621C1008C567D /* LICENSE */,
				C37CDF071CB621C1008C567D /* README.md */,
				C37CDF0A1CB6236A008C567D /* UACustomActionSheet.podspec */,
				C37CDEF31CB61E96008C567D /* DemoProject */,
				C37CDEF91CB61E96008C567D /* System */,
				C37CDF031CB61EB0008C567D /* UACustomActionSheet */,
			);
			path = UACustomActionSheet;
			sourceTree = "<group>";
		};
		C37CDED91CB61DD6008C567D /* UACustomActionSheetTests */ = {
			isa = PBXGroup;
			children = (
				C37CDEDA1CB61DD6008C567D /* UACustomActionSheetTests.swift */,
				C37CDEDC1CB61DD6008C567D /* Info.plist */,
			);
			path = UACustomActionSheetTests;
			sourceTree = "<group>";
		};
		C37CDEE41CB61DD6008C567D /* UACustomActionSheetUITests */ = {
			isa = PBXGroup;
			children = (
				C37CDEE51CB61DD6008C567D /* UACustomActionSheetUITests.swift */,
				C37CDEE71CB61DD6008C567D /* Info.plist */,
			);
			path = UACustomActionSheetUITests;
			sourceTree = "<group>";
		};
		C37CDEF31CB61E96008C567D /* DemoProject */ = {
			isa = PBXGroup;
			children = (
				C37CDEF51CB61E96008C567D /* Storyboard */,
				C37CDEF71CB61E96008C567D /* ViewControllers */,
				C37CDEF41CB61E96008C567D /* Assets.xcassets */,
			);
			path = DemoProject;
			sourceTree = "<group>";
		};
		C37CDEF51CB61E96008C567D /* Storyboard */ = {
			isa = PBXGroup;
			children = (
				C37CDEF61CB61E96008C567D /* Main.storyboard */,
			);
			path = Storyboard;
			sourceTree = "<group>";
		};
		C37CDEF71CB61E96008C567D /* ViewControllers */ = {
			isa = PBXGroup;
			children = (
				C37CDEF81CB61E96008C567D /* ViewController.swift */,
			);
			path = ViewControllers;
			sourceTree = "<group>";
		};
		C37CDEF91CB61E96008C567D /* System */ = {
			isa = PBXGroup;
			children = (
				C37CDEFA1CB61E96008C567D /* AppDelegate.swift */,
				C37CDEFB1CB61E96008C567D /* Info.plist */,
				C37CDEFC1CB61E96008C567D /* LaunchScreen.storyboard */,
			);
			path = System;
			sourceTree = "<group>";
		};
		C37CDF031CB61EB0008C567D /* UACustomActionSheet */ = {
			isa = PBXGroup;
			children = (
				C37CDF041CB62131008C567D /* UACustomActionSheet.swift */,
			);
			path = UACustomActionSheet;
			sourceTree = "<group>";
		};
/* End PBXGroup section */

/* Begin PBXNativeTarget section */
		C37CDEC11CB61DD5008C567D /* UACustomActionSheet */ = {
			isa = PBXNativeTarget;
			buildConfigurationList = C37CDEEA1CB61DD6008C567D /* Build configuration list for PBXNativeTarget "UACustomActionSheet" */;
			buildPhases = (
				C37CDEBE1CB61DD5008C567D /* Sources */,
				C37CDEBF1CB61DD5008C567D /* Frameworks */,
				C37CDEC01CB61DD5008C567D /* Resources */,
			);
			buildRules = (
			);
			dependencies = (
			);
			name = UACustomActionSheet;
			productName = UACustomActionSheet;
			productReference = C37CDEC21CB61DD6008C567D /* UACustomActionSheet.app */;
			productType = "com.apple.product-type.application";
		};
		C37CDED51CB61DD6008C567D /* UACustomActionSheetTests */ = {
			isa = PBXNativeTarget;
			buildConfigurationList = C37CDEED1CB61DD6008C567D /* Build configuration list for PBXNativeTarget "UACustomActionSheetTests" */;
			buildPhases = (
				C37CDED21CB61DD6008C567D /* Sources */,
				C37CDED31CB61DD6008C567D /* Frameworks */,
				C37CDED41CB61DD6008C567D /* Resources */,
			);
			buildRules = (
			);
			dependencies = (
				C37CDED81CB61DD6008C567D /* PBXTargetDependency */,
			);
			name = UACustomActionSheetTests;
			productName = UACustomActionSheetTests;
			productReference = C37CDED61CB61DD6008C567D /* UACustomActionSheetTests.xctest */;
			productType = "com.apple.product-type.bundle.unit-test";
		};
		C37CDEE01CB61DD6008C567D /* UACustomActionSheetUITests */ = {
			isa = PBXNativeTarget;
			buildConfigurationList = C37CDEF01CB61DD6008C567D /* Build configuration list for PBXNativeTarget "UACustomActionSheetUITests" */;
			buildPhases = (
				C37CDEDD1CB61DD6008C567D /* Sources */,
				C37CDEDE1CB61DD6008C567D /* Frameworks */,
				C37CDEDF1CB61DD6008C567D /* Resources */,
			);
			buildRules = (
			);
			dependencies = (
				C37CDEE31CB61DD6008C567D /* PBXTargetDependency */,
			);
			name = UACustomActionSheetUITests;
			productName = UACustomActionSheetUITests;
			productReference = C37CDEE11CB61DD6008C567D /* UACustomActionSheetUITests.xctest */;
			productType = "com.apple.product-type.bundle.ui-testing";
		};
/* End PBXNativeTarget section */

/* Begin PBXProject section */
		C37CDEBA1CB61DD5008C567D /* Project object */ = {
			isa = PBXProject;
			attributes = {
				LastSwiftUpdateCheck = 0720;
				LastUpgradeCheck = 0720;
				ORGANIZATIONNAME = "Usama Iqbal";
				TargetAttributes = {
					C37CDEC11CB61DD5008C567D = {
						CreatedOnToolsVersion = 7.2;
					};
					C37CDED51CB61DD6008C567D = {
						CreatedOnToolsVersion = 7.2;
						TestTargetID = C37CDEC11CB61DD5008C567D;
					};
					C37CDEE01CB61DD6008C567D = {
						CreatedOnToolsVersion = 7.2;
						TestTargetID = C37CDEC11CB61DD5008C567D;
					};
				};
			};
			buildConfigurationList = C37CDEBD1CB61DD5008C567D /* Build configuration list for PBXProject "UACustomActionSheet" */;
			compatibilityVersion = "Xcode 3.2";
			developmentRegion = English;
			hasScannedForEncodings = 0;
			knownRegions = (
				en,
				Base,
			);
			mainGroup = C37CDEB91CB61DD5008C567D;
			productRefGroup = C37CDEC31CB61DD6008C567D /* Products */;
			projectDirPath = "";
			projectRoot = "";
			targets = (
				C37CDEC11CB61DD5008C567D /* UACustomActionSheet */,
				C37CDED51CB61DD6008C567D /* UACustomActionSheetTests */,
				C37CDEE01CB61DD6008C567D /* UACustomActionSheetUITests */,
			);
		};
/* End PBXProject section */

/* Begin PBXResourcesBuildPhase section */
		C37CDEC01CB61DD5008C567D /* Resources */ = {
			isa = PBXResourcesBuildPhase;
			buildActionMask = 2147483647;
			files = (
				C37CDEFD1CB61E96008C567D /* Assets.xcassets in Resources */,
				C37CDF021CB61E96008C567D /* LaunchScreen.storyboard in Resources */,
				C37CDEFE1CB61E96008C567D /* Main.storyboard in Resources */,
				C37CDF011CB61E96008C567D /* Info.plist in Resources */,
				C37CDF081CB621C1008C567D /* LICENSE in Resources */,
				C37CDF0B1CB6236A008C567D /* UACustomActionSheet.podspec in Resources */,
			);
			runOnlyForDeploymentPostprocessing = 0;
		};
		C37CDED41CB61DD6008C567D /* Resources */ = {
			isa = PBXResourcesBuildPhase;
			buildActionMask = 2147483647;
			files = (
			);
			runOnlyForDeploymentPostprocessing = 0;
		};
		C37CDEDF1CB61DD6008C567D /* Resources */ = {
			isa = PBXResourcesBuildPhase;
			buildActionMask = 2147483647;
			files = (
			);
			runOnlyForDeploymentPostprocessing = 0;
		};
/* End PBXResourcesBuildPhase section */

/* Begin PBXSourcesBuildPhase section */
		C37CDEBE1CB61DD5008C567D /* Sources */ = {
			isa = PBXSourcesBuildPhase;
			buildActionMask = 2147483647;
			files = (
				C37CDF051CB62131008C567D /* UACustomActionSheet.swift in Sources */,
				C37CDF001CB61E96008C567D /* AppDelegate.swift in Sources */,
				C37CDF091CB621C1008C567D /* README.md in Sources */,
				C37CDEFF1CB61E96008C567D /* ViewController.swift in Sources */,
			);
			runOnlyForDeploymentPostprocessing = 0;
		};
		C37CDED21CB61DD6008C567D /* Sources */ = {
			isa = PBXSourcesBuildPhase;
			buildActionMask = 2147483647;
			files = (
				C37CDEDB1CB61DD6008C567D /* UACustomActionSheetTests.swift in Sources */,
			);
			runOnlyForDeploymentPostprocessing = 0;
		};
		C37CDEDD1CB61DD6008C567D /* Sources */ = {
			isa = PBXSourcesBuildPhase;
			buildActionMask = 2147483647;
			files = (
				C37CDEE61CB61DD6008C567D /* UACustomActionSheetUITests.swift in Sources */,
			);
			runOnlyForDeploymentPostprocessing = 0;
		};
/* End PBXSourcesBuildPhase section */

/* Begin PBXTargetDependency section */
		C37CDED81CB61DD6008C567D /* PBXTargetDependency */ = {
			isa = PBXTargetDependency;
			target = C37CDEC11CB61DD5008C567D /* UACustomActionSheet */;
			targetProxy = C37CDED71CB61DD6008C567D /* PBXContainerItemProxy */;
		};
		C37CDEE31CB61DD6008C567D /* PBXTargetDependency */ = {
			isa = PBXTargetDependency;
			target = C37CDEC11CB61DD5008C567D /* UACustomActionSheet */;
			targetProxy = C37CDEE21CB61DD6008C567D /* PBXContainerItemProxy */;
		};
/* End PBXTargetDependency section */

/* Begin XCBuildConfiguration section */
		C37CDEE81CB61DD6008C567D /* Debug */ = {
			isa = XCBuildConfiguration;
			buildSettings = {
				ALWAYS_SEARCH_USER_PATHS = NO;
				CLANG_CXX_LANGUAGE_STANDARD = "gnu++0x";
				CLANG_CXX_LIBRARY = "libc++";
				CLANG_ENABLE_MODULES = YES;
				CLANG_ENABLE_OBJC_ARC = YES;
				CLANG_WARN_BOOL_CONVERSION = YES;
				CLANG_WARN_CONSTANT_CONVERSION = YES;
				CLANG_WARN_DIRECT_OBJC_ISA_USAGE = YES_ERROR;
				CLANG_WARN_EMPTY_BODY = YES;
				CLANG_WARN_ENUM_CONVERSION = YES;
				CLANG_WARN_INT_CONVERSION = YES;
				CLANG_WARN_OBJC_ROOT_CLASS = YES_ERROR;
				CLANG_WARN_UNREACHABLE_CODE = YES;
				CLANG_WARN__DUPLICATE_METHOD_MATCH = YES;
				"CODE_SIGN_IDENTITY[sdk=iphoneos*]" = "iPhone Developer";
				COPY_PHASE_STRIP = NO;
				DEBUG_INFORMATION_FORMAT = dwarf;
				ENABLE_STRICT_OBJC_MSGSEND = YES;
				ENABLE_TESTABILITY = YES;
				GCC_C_LANGUAGE_STANDARD = gnu99;
				GCC_DYNAMIC_NO_PIC = NO;
				GCC_NO_COMMON_BLOCKS = YES;
				GCC_OPTIMIZATION_LEVEL = 0;
				GCC_PREPROCESSOR_DEFINITIONS = (
					"DEBUG=1",
					"$(inherited)",
				);
				GCC_WARN_64_TO_32_BIT_CONVERSION = YES;
				GCC_WARN_ABOUT_RETURN_TYPE = YES_ERROR;
				GCC_WARN_UNDECLARED_SELECTOR = YES;
				GCC_WARN_UNINITIALIZED_AUTOS = YES_AGGRESSIVE;
				GCC_WARN_UNUSED_FUNCTION = YES;
				GCC_WARN_UNUSED_VARIABLE = YES;
				IPHONEOS_DEPLOYMENT_TARGET = 9.2;
				MTL_ENABLE_DEBUG_INFO = YES;
				ONLY_ACTIVE_ARCH = YES;
				SDKROOT = iphoneos;
				SWIFT_OPTIMIZATION_LEVEL = "-Onone";
			};
			name = Debug;
		};
		C37CDEE91CB61DD6008C567D /* Release */ = {
			isa = XCBuildConfiguration;
			buildSettings = {
				ALWAYS_SEARCH_USER_PATHS = NO;
				CLANG_CXX_LANGUAGE_STANDARD = "gnu++0x";
				CLANG_CXX_LIBRARY = "libc++";
				CLANG_ENABLE_MODULES = YES;
				CLANG_ENABLE_OBJC_ARC = YES;
				CLANG_WARN_BOOL_CONVERSION = YES;
				CLANG_WARN_CONSTANT_CONVERSION = YES;
				CLANG_WARN_DIRECT_OBJC_ISA_USAGE = YES_ERROR;
				CLANG_WARN_EMPTY_BODY = YES;
				CLANG_WARN_ENUM_CONVERSION = YES;
				CLANG_WARN_INT_CONVERSION = YES;
				CLANG_WARN_OBJC_ROOT_CLASS = YES_ERROR;
				CLANG_WARN_UNREACHABLE_CODE = YES;
				CLANG_WARN__DUPLICATE_METHOD_MATCH = YES;
				"CODE_SIGN_IDENTITY[sdk=iphoneos*]" = "iPhone Developer";
				COPY_PHASE_STRIP = NO;
				DEBUG_INFORMATION_FORMAT = "dwarf-with-dsym";
				ENABLE_NS_ASSERTIONS = NO;
				ENABLE_STRICT_OBJC_MSGSEND = YES;
				GCC_C_LANGUAGE_STANDARD = gnu99;
				GCC_NO_COMMON_BLOCKS = YES;
				GCC_WARN_64_TO_32_BIT_CONVERSION = YES;
				GCC_WARN_ABOUT_RETURN_TYPE = YES_ERROR;
				GCC_WARN_UNDECLARED_SELECTOR = YES;
				GCC_WARN_UNINITIALIZED_AUTOS = YES_AGGRESSIVE;
				GCC_WARN_UNUSED_FUNCTION = YES;
				GCC_WARN_UNUSED_VARIABLE = YES;
				IPHONEOS_DEPLOYMENT_TARGET = 9.2;
				MTL_ENABLE_DEBUG_INFO = NO;
				SDKROOT = iphoneos;
				VALIDATE_PRODUCT = YES;
			};
			name = Release;
		};
		C37CDEEB1CB61DD6008C567D /* Debug */ = {
			isa = XCBuildConfiguration;
			buildSettings = {
				ASSETCATALOG_COMPILER_APPICON_NAME = AppIcon;
				INFOPLIST_FILE = "$(SRCROOT)/UACustomActionSheet/System/Info.plist";
				IPHONEOS_DEPLOYMENT_TARGET = 8.0;
				LD_RUNPATH_SEARCH_PATHS = "$(inherited) @executable_path/Frameworks";
				PRODUCT_BUNDLE_IDENTIFIER = globalrescue.UACustomActionSheet;
				PRODUCT_NAME = "$(TARGET_NAME)";
			};
			name = Debug;
		};
		C37CDEEC1CB61DD6008C567D /* Release */ = {
			isa = XCBuildConfiguration;
			buildSettings = {
				ASSETCATALOG_COMPILER_APPICON_NAME = AppIcon;
				INFOPLIST_FILE = "$(SRCROOT)/UACustomActionSheet/System/Info.plist";
				IPHONEOS_DEPLOYMENT_TARGET = 8.0;
				LD_RUNPATH_SEARCH_PATHS = "$(inherited) @executable_path/Frameworks";
				PRODUCT_BUNDLE_IDENTIFIER = globalrescue.UACustomActionSheet;
				PRODUCT_NAME = "$(TARGET_NAME)";
			};
			name = Release;
		};
		C37CDEEE1CB61DD6008C567D /* Debug */ = {
			isa = XCBuildConfiguration;
			buildSettings = {
				BUNDLE_LOADER = "$(TEST_HOST)";
				INFOPLIST_FILE = UACustomActionSheetTests/Info.plist;
				LD_RUNPATH_SEARCH_PATHS = "$(inherited) @executable_path/Frameworks @loader_path/Frameworks";
				PRODUCT_BUNDLE_IDENTIFIER = globalrescue.UACustomActionSheetTests;
				PRODUCT_NAME = "$(TARGET_NAME)";
				TEST_HOST = "$(BUILT_PRODUCTS_DIR)/UACustomActionSheet.app/UACustomActionSheet";
			};
			name = Debug;
		};
		C37CDEEF1CB61DD6008C567D /* Release */ = {
			isa = XCBuildConfiguration;
			buildSettings = {
				BUNDLE_LOADER = "$(TEST_HOST)";
				INFOPLIST_FILE = UACustomActionSheetTests/Info.plist;
				LD_RUNPATH_SEARCH_PATHS = "$(inherited) @executable_path/Frameworks @loader_path/Frameworks";
				PRODUCT_BUNDLE_IDENTIFIER = globalrescue.UACustomActionSheetTests;
				PRODUCT_NAME = "$(TARGET_NAME)";
				TEST_HOST = "$(BUILT_PRODUCTS_DIR)/UACustomActionSheet.app/UACustomActionSheet";
			};
			name = Release;
		};
		C37CDEF11CB61DD6008C567D /* Debug */ = {
			isa = XCBuildConfiguration;
			buildSettings = {
				INFOPLIST_FILE = UACustomActionSheetUITests/Info.plist;
				LD_RUNPATH_SEARCH_PATHS = "$(inherited) @executable_path/Frameworks @loader_path/Frameworks";
				PRODUCT_BUNDLE_IDENTIFIER = globalrescue.UACustomActionSheetUITests;
				PRODUCT_NAME = "$(TARGET_NAME)";
				TEST_TARGET_NAME = UACustomActionSheet;
				USES_XCTRUNNER = YES;
			};
			name = Debug;
		};
		C37CDEF21CB61DD6008C567D /* Release */ = {
			isa = XCBuildConfiguration;
			buildSettings = {
				INFOPLIST_FILE = UACustomActionSheetUITests/Info.plist;
				LD_RUNPATH_SEARCH_PATHS = "$(inherited) @executable_path/Frameworks @loader_path/Frameworks";
				PRODUCT_BUNDLE_IDENTIFIER = globalrescue.UACustomActionSheetUITests;
				PRODUCT_NAME = "$(TARGET_NAME)";
				TEST_TARGET_NAME = UACustomActionSheet;
				USES_XCTRUNNER = YES;
			};
			name = Release;
		};
/* End XCBuildConfiguration section */

/* Begin XCConfigurationList section */
		C37CDEBD1CB61DD5008C567D /* Build configuration list for PBXProject "UACustomActionSheet" */ = {
			isa = XCConfigurationList;
			buildConfigurations = (
				C37CDEE81CB61DD6008C567D /* Debug */,
				C37CDEE91CB61DD6008C567D /* Release */,
			);
			defaultConfigurationIsVisible = 0;
			defaultConfigurationName = Release;
		};
		C37CDEEA1CB61DD6008C567D /* Build configuration list for PBXNativeTarget "UACustomActionSheet" */ = {
			isa = XCConfigurationList;
			buildConfigurations = (
				C37CDEEB1CB61DD6008C567D /* Debug */,
				C37CDEEC1CB61DD6008C567D /* Release */,
			);
			defaultConfigurationIsVisible = 0;
			defaultConfigurationName = Release;
		};
		C37CDEED1CB61DD6008C567D /* Build configuration list for PBXNativeTarget "UACustomActionSheetTests" */ = {
			isa = XCConfigurationList;
			buildConfigurations = (
				C37CDEEE1CB61DD6008C567D /* Debug */,
				C37CDEEF1CB61DD6008C567D /* Release */,
			);
			defaultConfigurationIsVisible = 0;
			defaultConfigurationName = Release;
		};
		C37CDEF01CB61DD6008C567D /* Build configuration list for PBXNativeTarget "UACustomActionSheetUITests" */ = {
			isa = XCConfigurationList;
			buildConfigurations = (
				C37CDEF11CB61DD6008C567D /* Debug */,
				C37CDEF21CB61DD6008C567D /* Release */,
			);
			defaultConfigurationIsVisible = 0;
			defaultConfigurationName = Release;
		};
/* End XCConfigurationList section */
	};
	rootObject = C37CDEBA1CB61DD5008C567D /* Project object */;
}
